
Microsoft Visual Studio Solution File, Format Version 12.00
# Visual Studio Version 17
VisualStudioVersion = 17.1.32228.430
MinimumVisualStudioVersion = 10.0.40219.1
Project("{FAE04EC0-301F-11D3-BF4B-00C04F79EFBC}") = "MegaParques.Services", "MegaParques\MegaParques.Services.csproj", "{725C3386-03A8-459A-A54D-FEDB7B5456A6}"
EndProject
Project("{FAE04EC0-301F-11D3-BF4B-00C04F79EFBC}") = "MegaParques.Transactions", "MegaParques.Transactions\MegaParques.Transactions.csproj", "{62212CAC-AA6A-45FE-86A4-6B3675C5DA46}"
EndProject
Project("{FAE04EC0-301F-11D3-BF4B-00C04F79EFBC}") = "MegaParques.wData", "MegaParques.wData\MegaParques.wData.csproj", "{20C46D2A-A29F-4AB1-B552-E491D6A97299}"
EndProject
Global
	GlobalSection(SolutionConfigurationPlatforms) = preSolution
		Debug|Any CPU = Debug|Any CPU
		Release|Any CPU = Release|Any CPU
	EndGlobalSection
	GlobalSection(ProjectConfigurationPlatforms) = postSolution
		{725C3386-03A8-459A-A54D-FEDB7B5456A6}.Debug|Any CPU.ActiveCfg = Debug|Any CPU
		{725C3386-03A8-459A-A54D-FEDB7B5456A6}.Debug|Any CPU.Build.0 = Debug|Any CPU
		{725C3386-03A8-459A-A54D-FEDB7B5456A6}.Release|Any CPU.ActiveCfg = Release|Any CPU
		{725C3386-03A8-459A-A54D-FEDB7B5456A6}.Release|Any CPU.Build.0 = Release|Any CPU
		{62212CAC-AA6A-45FE-86A4-6B3675C5DA46}.Debug|Any CPU.ActiveCfg = Debug|Any CPU
		{62212CAC-AA6A-45FE-86A4-6B3675C5DA46}.Debug|Any CPU.Build.0 = Debug|Any CPU
		{62212CAC-AA6A-45FE-86A4-6B3675C5DA46}.Release|Any CPU.ActiveCfg = Release|Any CPU
		{62212CAC-AA6A-45FE-86A4-6B3675C5DA46}.Release|Any CPU.Build.0 = Release|Any CPU
		{20C46D2A-A29F-4AB1-B552-E491D6A97299}.Debug|Any CPU.ActiveCfg = Debug|Any CPU
		{20C46D2A-A29F-4AB1-B552-E491D6A97299}.Debug|Any CPU.Build.0 = Debug|Any CPU
		{20C46D2A-A29F-4AB1-B552-E491D6A97299}.Release|Any CPU.ActiveCfg = Release|Any CPU
		{20C46D2A-A29F-4AB1-B552-E491D6A97299}.Release|Any CPU.Build.0 = Release|Any CPU
	EndGlobalSection
	GlobalSection(SolutionProperties) = preSolution
		HideSolutionNode = FALSE
	EndGlobalSection
	GlobalSection(ExtensibilityGlobals) = postSolution
		SolutionGuid = {D0E461B2-5066-40E4-88D7-E2639E82FE49}
	EndGlobalSection
EndGlobal
